
Microsoft Visual Studio Solution File, Format Version 12.00
# Visual Studio Version 16
VisualStudioVersion = 16.0.29519.181
MinimumVisualStudioVersion = 10.0.40219.1
Project("{FAE04EC0-301F-11D3-BF4B-00C04F79EFBC}") = "R3M.Enterprise", "R3M.Enterprise\R3M.Enterprise.csproj", "{04B4964B-21BD-41D7-B159-98F5DBF03476}"
EndProject
Global
	GlobalSection(SolutionConfigurationPlatforms) = preSolution
		Debug|Any CPU = Debug|Any CPU
		Release|Any CPU = Release|Any CPU
	EndGlobalSection
	GlobalSection(ProjectConfigurationPlatforms) = postSolution
		{04B4964B-21BD-41D7-B159-98F5DBF03476}.Debug|Any CPU.ActiveCfg = Debug|Any CPU
		{04B4964B-21BD-41D7-B159-98F5DBF03476}.Debug|Any CPU.Build.0 = Debug|Any CPU
		{04B4964B-21BD-41D7-B159-98F5DBF03476}.Release|Any CPU.ActiveCfg = Release|Any CPU
		{04B4964B-21BD-41D7-B159-98F5DBF03476}.Release|Any CPU.Build.0 = Release|Any CPU
	EndGlobalSection
	GlobalSection(SolutionProperties) = preSolution
		HideSolutionNode = FALSE
	EndGlobalSection
	GlobalSection(ExtensibilityGlobals) = postSolution
		SolutionGuid = {3394DE0B-95D0-4412-94DF-2F4E00D76E1B}
	EndGlobalSection
EndGlobal
